
Microsoft Visual Studio Solution File, Format Version 12.00
# Visual Studio 15
VisualStudioVersion = 15.0.28307.421
MinimumVisualStudioVersion = 10.0.40219.1
Project("{FAE04EC0-301F-11D3-BF4B-00C04F79EFBC}") = "ProjectManger.Service.Api", "ProjectManger.Service.Api\ProjectManger.Service.Api.csproj", "{D92B5A35-F816-46EF-AC53-15308259C540}"
EndProject
Project("{FAE04EC0-301F-11D3-BF4B-00C04F79EFBC}") = "ProjectManger.Service.Api.Tests", "ProjectManger.Service.Api.Tests\ProjectManger.Service.Api.Tests.csproj", "{3A0AF4A3-FE4C-426E-84C6-2F98FA8258D3}"
EndProject
Global
	GlobalSection(SolutionConfigurationPlatforms) = preSolution
		Debug|Any CPU = Debug|Any CPU
		Release|Any CPU = Release|Any CPU
	EndGlobalSection
	GlobalSection(ProjectConfigurationPlatforms) = postSolution
		{D92B5A35-F816-46EF-AC53-15308259C540}.Debug|Any CPU.ActiveCfg = Debug|Any CPU
		{D92B5A35-F816-46EF-AC53-15308259C540}.Debug|Any CPU.Build.0 = Debug|Any CPU
		{D92B5A35-F816-46EF-AC53-15308259C540}.Release|Any CPU.ActiveCfg = Release|Any CPU
		{D92B5A35-F816-46EF-AC53-15308259C540}.Release|Any CPU.Build.0 = Release|Any CPU
		{3A0AF4A3-FE4C-426E-84C6-2F98FA8258D3}.Debug|Any CPU.ActiveCfg = Debug|Any CPU
		{3A0AF4A3-FE4C-426E-84C6-2F98FA8258D3}.Debug|Any CPU.Build.0 = Debug|Any CPU
		{3A0AF4A3-FE4C-426E-84C6-2F98FA8258D3}.Release|Any CPU.ActiveCfg = Release|Any CPU
		{3A0AF4A3-FE4C-426E-84C6-2F98FA8258D3}.Release|Any CPU.Build.0 = Release|Any CPU
	EndGlobalSection
	GlobalSection(SolutionProperties) = preSolution
		HideSolutionNode = FALSE
	EndGlobalSection
	GlobalSection(ExtensibilityGlobals) = postSolution
		SolutionGuid = {19C4CAD4-DB4B-4827-9F2A-EAAE149751D6}
	EndGlobalSection
EndGlobal
